
Microsoft Visual Studio Solution File, Format Version 12.00
# Visual Studio Version 17
VisualStudioVersion = 17.0.31903.59
MinimumVisualStudioVersion = 10.0.40219.1
Project("{9A19103F-16F7-4668-BE54-9A1E7A4F7556}") = "Vets.Registration", "vets-registration\Vets.Registration.csproj", "{930BA8C2-99BC-4DA5-9499-FAC550B03BF5}"
EndProject
Project("{FAE04EC0-301F-11D3-BF4B-00C04F79EFBC}") = "Vets.Registration.EventStoreDb", "vets-registration-eventstoredb\Vets.Registration.EventStoreDb.csproj", "{B2C25409-F3E8-4C11-BDDE-2A097733C289}"
EndProject
Project("{FAE04EC0-301F-11D3-BF4B-00C04F79EFBC}") = "Vets.Registration.Spec", "vets-registration-spec\Vets.Registration.Spec.csproj", "{3E0D3CCC-E3B6-42C2-84D9-FA6A859B5B6C}"
EndProject
Global
	GlobalSection(SolutionConfigurationPlatforms) = preSolution
		Debug|Any CPU = Debug|Any CPU
		Release|Any CPU = Release|Any CPU
	EndGlobalSection
	GlobalSection(ProjectConfigurationPlatforms) = postSolution
		{930BA8C2-99BC-4DA5-9499-FAC550B03BF5}.Debug|Any CPU.ActiveCfg = Debug|Any CPU
		{930BA8C2-99BC-4DA5-9499-FAC550B03BF5}.Debug|Any CPU.Build.0 = Debug|Any CPU
		{930BA8C2-99BC-4DA5-9499-FAC550B03BF5}.Release|Any CPU.ActiveCfg = Release|Any CPU
		{930BA8C2-99BC-4DA5-9499-FAC550B03BF5}.Release|Any CPU.Build.0 = Release|Any CPU
		{B2C25409-F3E8-4C11-BDDE-2A097733C289}.Debug|Any CPU.ActiveCfg = Debug|Any CPU
		{B2C25409-F3E8-4C11-BDDE-2A097733C289}.Debug|Any CPU.Build.0 = Debug|Any CPU
		{B2C25409-F3E8-4C11-BDDE-2A097733C289}.Release|Any CPU.ActiveCfg = Release|Any CPU
		{B2C25409-F3E8-4C11-BDDE-2A097733C289}.Release|Any CPU.Build.0 = Release|Any CPU
		{3E0D3CCC-E3B6-42C2-84D9-FA6A859B5B6C}.Debug|Any CPU.ActiveCfg = Debug|Any CPU
		{3E0D3CCC-E3B6-42C2-84D9-FA6A859B5B6C}.Debug|Any CPU.Build.0 = Debug|Any CPU
		{3E0D3CCC-E3B6-42C2-84D9-FA6A859B5B6C}.Release|Any CPU.ActiveCfg = Release|Any CPU
		{3E0D3CCC-E3B6-42C2-84D9-FA6A859B5B6C}.Release|Any CPU.Build.0 = Release|Any CPU
	EndGlobalSection
	GlobalSection(SolutionProperties) = preSolution
		HideSolutionNode = FALSE
	EndGlobalSection
EndGlobal
